
Microsoft Visual Studio Solution File, Format Version 12.00
# Visual Studio Version 17
VisualStudioVersion = 17.0.32126.317
MinimumVisualStudioVersion = 10.0.40219.1
Project("{FAE04EC0-301F-11D3-BF4B-00C04F79EFBC}") = "calculator", "calculator\calculator.csproj", "{3E98CF72-F77F-4BFF-86B8-3082D7513785}"
EndProject
Global
	GlobalSection(SolutionConfigurationPlatforms) = preSolution
		Debug|Any CPU = Debug|Any CPU
		Release|Any CPU = Release|Any CPU
	EndGlobalSection
	GlobalSection(ProjectConfigurationPlatforms) = postSolution
		{3E98CF72-F77F-4BFF-86B8-3082D7513785}.Debug|Any CPU.ActiveCfg = Debug|Any CPU
		{3E98CF72-F77F-4BFF-86B8-3082D7513785}.Debug|Any CPU.Build.0 = Debug|Any CPU
		{3E98CF72-F77F-4BFF-86B8-3082D7513785}.Release|Any CPU.ActiveCfg = Release|Any CPU
		{3E98CF72-F77F-4BFF-86B8-3082D7513785}.Release|Any CPU.Build.0 = Release|Any CPU
	EndGlobalSection
	GlobalSection(SolutionProperties) = preSolution
		HideSolutionNode = FALSE
	EndGlobalSection
	GlobalSection(ExtensibilityGlobals) = postSolution
		SolutionGuid = {D3074190-6A36-4CC9-B7EB-EA5319568122}
	EndGlobalSection
EndGlobal
